
Microsoft Visual Studio Solution File, Format Version 12.00
# Visual Studio 2013
VisualStudioVersion = 12.0.30501.0
MinimumVisualStudioVersion = 10.0.40219.1
Project("{F2A71F9B-5D33-465A-A702-920D77279786}") = "keymouse-windows", "keymouse-windows\keymouse-windows.fsproj", "{6BE5DD67-38C5-4C06-B7CA-C6D570364291}"
EndProject
Global
	GlobalSection(SolutionConfigurationPlatforms) = preSolution
		Debug|Any CPU = Debug|Any CPU
		Release|Any CPU = Release|Any CPU
	EndGlobalSection
	GlobalSection(ProjectConfigurationPlatforms) = postSolution
		{6BE5DD67-38C5-4C06-B7CA-C6D570364291}.Debug|Any CPU.ActiveCfg = Debug|Any CPU
		{6BE5DD67-38C5-4C06-B7CA-C6D570364291}.Debug|Any CPU.Build.0 = Debug|Any CPU
		{6BE5DD67-38C5-4C06-B7CA-C6D570364291}.Release|Any CPU.ActiveCfg = Release|Any CPU
		{6BE5DD67-38C5-4C06-B7CA-C6D570364291}.Release|Any CPU.Build.0 = Release|Any CPU
	EndGlobalSection
	GlobalSection(SolutionProperties) = preSolution
		HideSolutionNode = FALSE
	EndGlobalSection
EndGlobal
